
Microsoft Visual Studio Solution File, Format Version 12.00
# Visual Studio 2013
VisualStudioVersion = 12.0.21005.1
MinimumVisualStudioVersion = 10.0.40219.1
Project("{FAE04EC0-301F-11D3-BF4B-00C04F79EFBC}") = "WebAppDemo", "WebAppDemo\WebAppDemo.csproj", "{63EA8FBF-D973-461E-813B-CDD4042658A7}"
EndProject
Project("{FAE04EC0-301F-11D3-BF4B-00C04F79EFBC}") = "WebAppDemo.Tests", "WebAppDemo.Tests\WebAppDemo.Tests.csproj", "{560D808B-78C1-48D2-925D-859470EAE53B}"
EndProject
Global
	GlobalSection(SolutionConfigurationPlatforms) = preSolution
		Debug|Any CPU = Debug|Any CPU
		Release|Any CPU = Release|Any CPU
	EndGlobalSection
	GlobalSection(ProjectConfigurationPlatforms) = postSolution
		{63EA8FBF-D973-461E-813B-CDD4042658A7}.Debug|Any CPU.ActiveCfg = Debug|Any CPU
		{63EA8FBF-D973-461E-813B-CDD4042658A7}.Debug|Any CPU.Build.0 = Debug|Any CPU
		{63EA8FBF-D973-461E-813B-CDD4042658A7}.Release|Any CPU.ActiveCfg = Release|Any CPU
		{63EA8FBF-D973-461E-813B-CDD4042658A7}.Release|Any CPU.Build.0 = Release|Any CPU
		{560D808B-78C1-48D2-925D-859470EAE53B}.Debug|Any CPU.ActiveCfg = Debug|Any CPU
		{560D808B-78C1-48D2-925D-859470EAE53B}.Debug|Any CPU.Build.0 = Debug|Any CPU
		{560D808B-78C1-48D2-925D-859470EAE53B}.Release|Any CPU.ActiveCfg = Release|Any CPU
		{560D808B-78C1-48D2-925D-859470EAE53B}.Release|Any CPU.Build.0 = Release|Any CPU
	EndGlobalSection
	GlobalSection(SolutionProperties) = preSolution
		HideSolutionNode = FALSE
	EndGlobalSection
EndGlobal
