
Microsoft Visual Studio Solution File, Format Version 12.00
# Visual Studio 2013
VisualStudioVersion = 12.0.21005.1
MinimumVisualStudioVersion = 10.0.40219.1
Project("{FAE04EC0-301F-11D3-BF4B-00C04F79EFBC}") = "WebApplication2", "WebApplication2\WebApplication2.csproj", "{71DA4D1D-24DC-406A-905B-0EF45BF9FCED}"
EndProject
Project("{FAE04EC0-301F-11D3-BF4B-00C04F79EFBC}") = "WebApplication2.Tests", "WebApplication2.Tests\WebApplication2.Tests.csproj", "{8A14F1B7-F309-46E0-B6DC-0356274E1172}"
EndProject
Project("{FAE04EC0-301F-11D3-BF4B-00C04F79EFBC}") = "UnitTestProject1", "UnitTestProject1\UnitTestProject1.csproj", "{6F7298BB-021A-4151-848D-034E12CBE87C}"
EndProject
Global
	GlobalSection(SolutionConfigurationPlatforms) = preSolution
		Debug|Any CPU = Debug|Any CPU
		Release|Any CPU = Release|Any CPU
	EndGlobalSection
	GlobalSection(ProjectConfigurationPlatforms) = postSolution
		{71DA4D1D-24DC-406A-905B-0EF45BF9FCED}.Debug|Any CPU.ActiveCfg = Debug|Any CPU
		{71DA4D1D-24DC-406A-905B-0EF45BF9FCED}.Debug|Any CPU.Build.0 = Debug|Any CPU
		{71DA4D1D-24DC-406A-905B-0EF45BF9FCED}.Release|Any CPU.ActiveCfg = Release|Any CPU
		{71DA4D1D-24DC-406A-905B-0EF45BF9FCED}.Release|Any CPU.Build.0 = Release|Any CPU
		{8A14F1B7-F309-46E0-B6DC-0356274E1172}.Debug|Any CPU.ActiveCfg = Debug|Any CPU
		{8A14F1B7-F309-46E0-B6DC-0356274E1172}.Debug|Any CPU.Build.0 = Debug|Any CPU
		{8A14F1B7-F309-46E0-B6DC-0356274E1172}.Release|Any CPU.ActiveCfg = Release|Any CPU
		{8A14F1B7-F309-46E0-B6DC-0356274E1172}.Release|Any CPU.Build.0 = Release|Any CPU
		{6F7298BB-021A-4151-848D-034E12CBE87C}.Debug|Any CPU.ActiveCfg = Debug|Any CPU
		{6F7298BB-021A-4151-848D-034E12CBE87C}.Debug|Any CPU.Build.0 = Debug|Any CPU
		{6F7298BB-021A-4151-848D-034E12CBE87C}.Release|Any CPU.ActiveCfg = Release|Any CPU
		{6F7298BB-021A-4151-848D-034E12CBE87C}.Release|Any CPU.Build.0 = Release|Any CPU
	EndGlobalSection
	GlobalSection(SolutionProperties) = preSolution
		HideSolutionNode = FALSE
	EndGlobalSection
EndGlobal
